
Microsoft Visual Studio Solution File, Format Version 12.00
# Visual Studio Version 17
VisualStudioVersion = 17.3.32901.215
MinimumVisualStudioVersion = 10.0.40219.1
Project("{9A19103F-16F7-4668-BE54-9A1E7A4F7556}") = "Polimorfismo", "Polimorfismo\Polimorfismo.csproj", "{23B1D71A-EB46-485F-9711-76C853E29149}"
EndProject
Project("{9A19103F-16F7-4668-BE54-9A1E7A4F7556}") = "esercizio prestiti", "esercizio anagrafica\esercizio prestiti.csproj", "{248BD8A5-BDA0-4C51-8021-ADA1E8343485}"
EndProject
Global
	GlobalSection(SolutionConfigurationPlatforms) = preSolution
		Debug|Any CPU = Debug|Any CPU
		Release|Any CPU = Release|Any CPU
	EndGlobalSection
	GlobalSection(ProjectConfigurationPlatforms) = postSolution
		{23B1D71A-EB46-485F-9711-76C853E29149}.Debug|Any CPU.ActiveCfg = Debug|Any CPU
		{23B1D71A-EB46-485F-9711-76C853E29149}.Debug|Any CPU.Build.0 = Debug|Any CPU
		{23B1D71A-EB46-485F-9711-76C853E29149}.Release|Any CPU.ActiveCfg = Release|Any CPU
		{23B1D71A-EB46-485F-9711-76C853E29149}.Release|Any CPU.Build.0 = Release|Any CPU
		{248BD8A5-BDA0-4C51-8021-ADA1E8343485}.Debug|Any CPU.ActiveCfg = Debug|Any CPU
		{248BD8A5-BDA0-4C51-8021-ADA1E8343485}.Debug|Any CPU.Build.0 = Debug|Any CPU
		{248BD8A5-BDA0-4C51-8021-ADA1E8343485}.Release|Any CPU.ActiveCfg = Release|Any CPU
		{248BD8A5-BDA0-4C51-8021-ADA1E8343485}.Release|Any CPU.Build.0 = Release|Any CPU
	EndGlobalSection
	GlobalSection(SolutionProperties) = preSolution
		HideSolutionNode = FALSE
	EndGlobalSection
	GlobalSection(ExtensibilityGlobals) = postSolution
		SolutionGuid = {E93ECDA4-A5B1-4558-89D4-748FF24B20B3}
	EndGlobalSection
EndGlobal
